
Microsoft Visual Studio Solution File, Format Version 12.00
# Visual Studio Version 16
VisualStudioVersion = 16.0.29209.62
MinimumVisualStudioVersion = 10.0.40219.1
Project("{FAE04EC0-301F-11D3-BF4B-00C04F79EFBC}") = "lommeregner", "lommeregner\lommeregner.csproj", "{A82B3BEB-3A51-4AED-BD59-6DC87923D681}"
EndProject
Global
	GlobalSection(SolutionConfigurationPlatforms) = preSolution
		Debug|Any CPU = Debug|Any CPU
		Release|Any CPU = Release|Any CPU
	EndGlobalSection
	GlobalSection(ProjectConfigurationPlatforms) = postSolution
		{A82B3BEB-3A51-4AED-BD59-6DC87923D681}.Debug|Any CPU.ActiveCfg = Debug|Any CPU
		{A82B3BEB-3A51-4AED-BD59-6DC87923D681}.Debug|Any CPU.Build.0 = Debug|Any CPU
		{A82B3BEB-3A51-4AED-BD59-6DC87923D681}.Release|Any CPU.ActiveCfg = Release|Any CPU
		{A82B3BEB-3A51-4AED-BD59-6DC87923D681}.Release|Any CPU.Build.0 = Release|Any CPU
	EndGlobalSection
	GlobalSection(SolutionProperties) = preSolution
		HideSolutionNode = FALSE
	EndGlobalSection
	GlobalSection(ExtensibilityGlobals) = postSolution
		SolutionGuid = {1AA30C5C-1E71-4DC4-BC7D-FEBC8F909EE5}
	EndGlobalSection
EndGlobal
